
Microsoft Visual Studio Solution File, Format Version 12.00
Project("{FAE04EC0-301F-11D3-BF4B-00C04F79EFBC}") = "Discord-bot.Presentation", "Discord-bot.Presentation\Discord-bot.Presentation.csproj", "{C0B180D3-ADBF-4DE4-9F3A-C39239333683}"
EndProject
Project("{FAE04EC0-301F-11D3-BF4B-00C04F79EFBC}") = "Discord-bot.Infrastructure", "Discord-bot.Infrastructure\Discord-bot.Infrastructure.csproj", "{7D0D87AE-C405-4EA7-A4B7-88ADAF6AD7D8}"
EndProject
Project("{FAE04EC0-301F-11D3-BF4B-00C04F79EFBC}") = "Discord-bot.Domain", "Discord-bot.Domain\Discord-bot.Domain.csproj", "{8BA06BDB-2849-410A-953A-A1B2737C032A}"
EndProject
Project("{FAE04EC0-301F-11D3-BF4B-00C04F79EFBC}") = "Discord-Bot.Application", "Discord-Bot.Application\Discord-Bot.Application.csproj", "{B45A9F0D-BB64-43DA-8FE8-EBF4F640385E}"
EndProject
Global
	GlobalSection(SolutionConfigurationPlatforms) = preSolution
		Debug|Any CPU = Debug|Any CPU
		Release|Any CPU = Release|Any CPU
	EndGlobalSection
	GlobalSection(ProjectConfigurationPlatforms) = postSolution
		{C0B180D3-ADBF-4DE4-9F3A-C39239333683}.Debug|Any CPU.ActiveCfg = Debug|Any CPU
		{C0B180D3-ADBF-4DE4-9F3A-C39239333683}.Debug|Any CPU.Build.0 = Debug|Any CPU
		{C0B180D3-ADBF-4DE4-9F3A-C39239333683}.Release|Any CPU.ActiveCfg = Release|Any CPU
		{C0B180D3-ADBF-4DE4-9F3A-C39239333683}.Release|Any CPU.Build.0 = Release|Any CPU
		{7D0D87AE-C405-4EA7-A4B7-88ADAF6AD7D8}.Debug|Any CPU.ActiveCfg = Debug|Any CPU
		{7D0D87AE-C405-4EA7-A4B7-88ADAF6AD7D8}.Debug|Any CPU.Build.0 = Debug|Any CPU
		{7D0D87AE-C405-4EA7-A4B7-88ADAF6AD7D8}.Release|Any CPU.ActiveCfg = Release|Any CPU
		{7D0D87AE-C405-4EA7-A4B7-88ADAF6AD7D8}.Release|Any CPU.Build.0 = Release|Any CPU
		{8BA06BDB-2849-410A-953A-A1B2737C032A}.Debug|Any CPU.ActiveCfg = Debug|Any CPU
		{8BA06BDB-2849-410A-953A-A1B2737C032A}.Debug|Any CPU.Build.0 = Debug|Any CPU
		{8BA06BDB-2849-410A-953A-A1B2737C032A}.Release|Any CPU.ActiveCfg = Release|Any CPU
		{8BA06BDB-2849-410A-953A-A1B2737C032A}.Release|Any CPU.Build.0 = Release|Any CPU
		{B45A9F0D-BB64-43DA-8FE8-EBF4F640385E}.Debug|Any CPU.ActiveCfg = Debug|Any CPU
		{B45A9F0D-BB64-43DA-8FE8-EBF4F640385E}.Debug|Any CPU.Build.0 = Debug|Any CPU
		{B45A9F0D-BB64-43DA-8FE8-EBF4F640385E}.Release|Any CPU.ActiveCfg = Release|Any CPU
		{B45A9F0D-BB64-43DA-8FE8-EBF4F640385E}.Release|Any CPU.Build.0 = Release|Any CPU
	EndGlobalSection
EndGlobal
